Microsoft Visual Studio Solution File, Format Version 12.00
# Visual Studio Version 17
VisualStudioVersion = 17.13.35931.197
MinimumVisualStudioVersion = 10.0.40219.1
Project("{2150E333-8FDC-42A3-9474-1A3956D46DE8}") = "MDD4All.QVT.Transformations.Component2Component", "MDD4All.QVT.Transformations.Component2Component", "{69477524-D86A-4158-9E45-366ECD7B194E}"
EndProject
Project("{FAE04EC0-301F-11D3-BF4B-00C04F79EFBC}") = "MDD4All.QVT.Transformations.Component2Component.UI", "MDD4All.QVT.Transformations.Component2Component.UI\MDD4All.QVT.Transformations.Component2Component.UI.csproj", "{6FEE9D5F-22E0-4BA8-BFB7-5DF613C6959F}"
EndProject
Project("{2150E333-8FDC-42A3-9474-1A3956D46DE8}") = "Z_Infrastructure", "Z_Infrastructure", "{02EA681E-C7D8-13C7-8484-4AC65E1B71E8}"
EndProject
Project("{FAE04EC0-301F-11D3-BF4B-00C04F79EFBC}") = "MDD4All.QVT.TransformationStarter.Views", "MDD4All.QVT.TransformationStarter.Views\src\MDD4All.QVT.TransformationStarter.Views\MDD4All.QVT.TransformationStarter.Views.csproj", "{60DAC76F-D739-4D27-B42F-2854602DE98B}"
EndProject
Project("{2150E333-8FDC-42A3-9474-1A3956D46DE8}") = "3_BlazorViews", "3_BlazorViews", "{B7795683-66F7-4D8A-BDCA-0E9571BBFE01}"
EndProject
Project("{2150E333-8FDC-42A3-9474-1A3956D46DE8}") = "4_ViewModels", "4_ViewModels", "{DE357143-1E05-4704-9EA9-F41B56B9C184}"
EndProject
Project("{FAE04EC0-301F-11D3-BF4B-00C04F79EFBC}") = "MDD4All.QVT.TransformationStarter.ViewModels", "MDD4All.QVT.TransformationStarter.ViewModels\src\MDD4All.QVT.TransformationStarter.ViewModels\MDD4All.QVT.TransformationStarter.ViewModels.csproj", "{218BBA26-6762-4D39-BDF0-FABAC9053B36}"
EndProject
Project("{FAE04EC0-301F-11D3-BF4B-00C04F79EFBC}") = "LL.MDE.Components.Qvt.Common-dev", "LL.MDE.Components.Qvt.Common\src\LL.MDE.Components.Qvt.Common-dev.csproj", "{E590AD0B-E443-7EA4-E991-493E35F443FF}"
EndProject
Project("{FAE04EC0-301F-11D3-BF4B-00C04F79EFBC}") = "MDD4All.QVT.MetamodelExtensions-dev", "MDD4All.QVT.MetamodelExtensions\src\MDD4All.QVT.MetamodelExtensions-dev.csproj", "{942527C7-96FB-437E-8F5D-BC35D72404F8}"
EndProject
Project("{2150E333-8FDC-42A3-9474-1A3956D46DE8}") = "6_DataModels", "6_DataModels", "{10F231C0-69DB-4492-BA42-744E710F642B}"
EndProject
Project("{FAE04EC0-301F-11D3-BF4B-00C04F79EFBC}") = "MDD4All.QVT.Transformations.Component2Component", "MDD4All.QVT.Transformations.Component2Component\MDD4All.QVT.Transformations.Component2Component.csproj", "{CE03C243-2647-1087-5B29-29919DE65642}"
EndProject
Project("{FAE04EC0-301F-11D3-BF4B-00C04F79EFBC}") = "MDD4All.UI.BlazorComponents-dev", "MDD4All.UI.BlazorComponents\src\MDD4All.UI.BlazorComponents\MDD4All.UI.BlazorComponents-dev.csproj", "{A59F3DFE-24BE-1CF0-B8A9-38EC3A0B64C9}"
EndProject
Project("{FAE04EC0-301F-11D3-BF4B-00C04F79EFBC}") = "MDD4All.UI.DataModels-dev", "MDD4All.UI.DataModels\src\MDD4All.UI.DataModels\MDD4All.UI.DataModels-dev.csproj", "{BF4F7AB5-DF8C-EC99-5152-E0C1AF75185F}"
EndProject
Project("{FAE04EC0-301F-11D3-BF4B-00C04F79EFBC}") = "MDD4All.EAFacade.ModelTree-dev", "MDD4All.EnterpriseArchitect.ModelTree\src\MDD4All.EnterpriseArchitect.ModelTree\MDD4All.EAFacade.ModelTree-dev.csproj", "{9A6092DB-1D0B-A7DD-43DF-D5A2BD2102D7}"
EndProject
Project("{2150E333-8FDC-42A3-9474-1A3956D46DE8}") = "5_DataAccess", "5_DataAccess", "{EC070DC1-2F48-4CA2-AE56-BE54A1F7363E}"
EndProject
Project("{FAE04EC0-301F-11D3-BF4B-00C04F79EFBC}") = "MDD4All.EAFacade.Manipulations-dev", "MDD4All.EnterpriseArchitect.Manipulations\src\MDD4All.EA.Manipulations\MDD4All.EAFacade.Manipulations-dev.csproj", "{0D24EB95-0AE2-D2B8-CD7E-25C8026096F3}"
EndProject
Project("{FAE04EC0-301F-11D3-BF4B-00C04F79EFBC}") = "MDD4All.EAFacade.DataModels.Contracts-dev", "MDD4All.EAFacade.DataModels.Contracts\src\MDD4All.EAFacade.DataModels.Contracts\MDD4All.EAFacade.DataModels.Contracts-dev.csproj", "{5B1B886C-CB0C-8483-F0F6-816159BE7EBE}"
EndProject
Project("{FAE04EC0-301F-11D3-BF4B-00C04F79EFBC}") = "MDD4All.FileAccess.Contracts-dev", "MDD4All.FileAccess.Contracts\src\MDD4All.FileAccess.Contracts\MDD4All.FileAccess.Contracts-dev.csproj", "{66FB7F62-FF60-9793-DD30-07BDB0B2DE8D}"
EndProject
Project("{FAE04EC0-301F-11D3-BF4B-00C04F79EFBC}") = "MDD4All.FileAccess.WPF-dev", "MDD4All.FileAccess.WPF\src\MDD4All.FileAccess.WPF\MDD4All.FileAccess.WPF-dev.csproj", "{450943A7-CDC2-C24D-236B-0C3E41FB6628}"
EndProject
Project("{2150E333-8FDC-42A3-9474-1A3956D46DE8}") = "2_WPF", "2_WPF", "{8D8D9F92-9F00-47DB-9FFD-401433D823FB}"
EndProject
Project("{FAE04EC0-301F-11D3-BF4B-00C04F79EFBC}") = "MDD4All.QVT.TransformationStarter.WpfBlazor", "MDD4All.QVT.TransformationStarter.WpfBlazor\src\MDD4All.QVT.TransformationStarter.WpfBlazor\MDD4All.QVT.TransformationStarter.WpfBlazor.csproj", "{5CFDA11E-FEA5-4A91-8721-B1D700AAA1DD}"
EndProject
Project("{FAE04EC0-301F-11D3-BF4B-00C04F79EFBC}") = "MDD4All.EAFacade.DataAccess.Cached-dev", "MDD4All.EAFacade.DataAccess.Cached\src\MDD4All.EAFacade.DataAccess.Cached\MDD4All.EAFacade.DataAccess.Cached-dev.csproj", "{0294FC5A-52D0-DC3F-9E5D-7CB26FC5DE00}"
EndProject
Project("{FAE04EC0-301F-11D3-BF4B-00C04F79EFBC}") = "MDD4All.UI.BlazorComponents.EnterpriseArchitect-dev", "MDD4All.UI.BlazorComponents.EnterpriseArchitect\src\MDD4All.BlazorComponents.EnterpriseArchitect\MDD4All.UI.BlazorComponents.EnterpriseArchitect-dev.csproj", "{A635DBEA-0227-66A2-FB28-888369FC5F4F}"
EndProject
Global
	GlobalSection(SolutionConfigurationPlatforms) = preSolution
		Debug|Any CPU = Debug|Any CPU
		Release|Any CPU = Release|Any CPU
	EndGlobalSection
	GlobalSection(ProjectConfigurationPlatforms) = postSolution
		{6FEE9D5F-22E0-4BA8-BFB7-5DF613C6959F}.Debug|Any CPU.ActiveCfg = Debug|Any CPU
		{6FEE9D5F-22E0-4BA8-BFB7-5DF613C6959F}.Debug|Any CPU.Build.0 = Debug|Any CPU
		{6FEE9D5F-22E0-4BA8-BFB7-5DF613C6959F}.Release|Any CPU.ActiveCfg = Release|Any CPU
		{6FEE9D5F-22E0-4BA8-BFB7-5DF613C6959F}.Release|Any CPU.Build.0 = Release|Any CPU
		{60DAC76F-D739-4D27-B42F-2854602DE98B}.Debug|Any CPU.ActiveCfg = Debug|Any CPU
		{60DAC76F-D739-4D27-B42F-2854602DE98B}.Debug|Any CPU.Build.0 = Debug|Any CPU
		{60DAC76F-D739-4D27-B42F-2854602DE98B}.Release|Any CPU.ActiveCfg = Release|Any CPU
		{60DAC76F-D739-4D27-B42F-2854602DE98B}.Release|Any CPU.Build.0 = Release|Any CPU
		{218BBA26-6762-4D39-BDF0-FABAC9053B36}.Debug|Any CPU.ActiveCfg = Debug|Any CPU
		{218BBA26-6762-4D39-BDF0-FABAC9053B36}.Debug|Any CPU.Build.0 = Debug|Any CPU
		{218BBA26-6762-4D39-BDF0-FABAC9053B36}.Release|Any CPU.ActiveCfg = Release|Any CPU
		{218BBA26-6762-4D39-BDF0-FABAC9053B36}.Release|Any CPU.Build.0 = Release|Any CPU
		{E590AD0B-E443-7EA4-E991-493E35F443FF}.Debug|Any CPU.ActiveCfg = Debug|Any CPU
		{E590AD0B-E443-7EA4-E991-493E35F443FF}.Debug|Any CPU.Build.0 = Debug|Any CPU
		{E590AD0B-E443-7EA4-E991-493E35F443FF}.Release|Any CPU.ActiveCfg = Release|Any CPU
		{E590AD0B-E443-7EA4-E991-493E35F443FF}.Release|Any CPU.Build.0 = Release|Any CPU
		{942527C7-96FB-437E-8F5D-BC35D72404F8}.Debug|Any CPU.ActiveCfg = Debug|Any CPU
		{942527C7-96FB-437E-8F5D-BC35D72404F8}.Debug|Any CPU.Build.0 = Debug|Any CPU
		{942527C7-96FB-437E-8F5D-BC35D72404F8}.Release|Any CPU.ActiveCfg = Release|Any CPU
		{942527C7-96FB-437E-8F5D-BC35D72404F8}.Release|Any CPU.Build.0 = Release|Any CPU
		{CE03C243-2647-1087-5B29-29919DE65642}.Debug|Any CPU.ActiveCfg = Debug|Any CPU
		{CE03C243-2647-1087-5B29-29919DE65642}.Debug|Any CPU.Build.0 = Debug|Any CPU
		{CE03C243-2647-1087-5B29-29919DE65642}.Release|Any CPU.ActiveCfg = Release|Any CPU
		{CE03C243-2647-1087-5B29-29919DE65642}.Release|Any CPU.Build.0 = Release|Any CPU
		{A59F3DFE-24BE-1CF0-B8A9-38EC3A0B64C9}.Debug|Any CPU.ActiveCfg = Debug|Any CPU
		{A59F3DFE-24BE-1CF0-B8A9-38EC3A0B64C9}.Debug|Any CPU.Build.0 = Debug|Any CPU
		{A59F3DFE-24BE-1CF0-B8A9-38EC3A0B64C9}.Release|Any CPU.ActiveCfg = Release|Any CPU
		{A59F3DFE-24BE-1CF0-B8A9-38EC3A0B64C9}.Release|Any CPU.Build.0 = Release|Any CPU
		{BF4F7AB5-DF8C-EC99-5152-E0C1AF75185F}.Debug|Any CPU.ActiveCfg = Debug|Any CPU
		{BF4F7AB5-DF8C-EC99-5152-E0C1AF75185F}.Debug|Any CPU.Build.0 = Debug|Any CPU
		{BF4F7AB5-DF8C-EC99-5152-E0C1AF75185F}.Release|Any CPU.ActiveCfg = Release|Any CPU
		{BF4F7AB5-DF8C-EC99-5152-E0C1AF75185F}.Release|Any CPU.Build.0 = Release|Any CPU
		{9A6092DB-1D0B-A7DD-43DF-D5A2BD2102D7}.Debug|Any CPU.ActiveCfg = Debug|Any CPU
		{9A6092DB-1D0B-A7DD-43DF-D5A2BD2102D7}.Debug|Any CPU.Build.0 = Debug|Any CPU
		{9A6092DB-1D0B-A7DD-43DF-D5A2BD2102D7}.Release|Any CPU.ActiveCfg = Release|Any CPU
		{9A6092DB-1D0B-A7DD-43DF-D5A2BD2102D7}.Release|Any CPU.Build.0 = Release|Any CPU
		{0D24EB95-0AE2-D2B8-CD7E-25C8026096F3}.Debug|Any CPU.ActiveCfg = Debug|Any CPU
		{0D24EB95-0AE2-D2B8-CD7E-25C8026096F3}.Debug|Any CPU.Build.0 = Debug|Any CPU
		{0D24EB95-0AE2-D2B8-CD7E-25C8026096F3}.Release|Any CPU.ActiveCfg = Release|Any CPU
		{0D24EB95-0AE2-D2B8-CD7E-25C8026096F3}.Release|Any CPU.Build.0 = Release|Any CPU
		{5B1B886C-CB0C-8483-F0F6-816159BE7EBE}.Debug|Any CPU.ActiveCfg = Debug|Any CPU
		{5B1B886C-CB0C-8483-F0F6-816159BE7EBE}.Debug|Any CPU.Build.0 = Debug|Any CPU
		{5B1B886C-CB0C-8483-F0F6-816159BE7EBE}.Release|Any CPU.ActiveCfg = Release|Any CPU
		{5B1B886C-CB0C-8483-F0F6-816159BE7EBE}.Release|Any CPU.Build.0 = Release|Any CPU
		{66FB7F62-FF60-9793-DD30-07BDB0B2DE8D}.Debug|Any CPU.ActiveCfg = Debug|Any CPU
		{66FB7F62-FF60-9793-DD30-07BDB0B2DE8D}.Debug|Any CPU.Build.0 = Debug|Any CPU
		{66FB7F62-FF60-9793-DD30-07BDB0B2DE8D}.Release|Any CPU.ActiveCfg = Release|Any CPU
		{66FB7F62-FF60-9793-DD30-07BDB0B2DE8D}.Release|Any CPU.Build.0 = Release|Any CPU
		{450943A7-CDC2-C24D-236B-0C3E41FB6628}.Debug|Any CPU.ActiveCfg = Debug|Any CPU
		{450943A7-CDC2-C24D-236B-0C3E41FB6628}.Debug|Any CPU.Build.0 = Debug|Any CPU
		{450943A7-CDC2-C24D-236B-0C3E41FB6628}.Release|Any CPU.ActiveCfg = Release|Any CPU
		{450943A7-CDC2-C24D-236B-0C3E41FB6628}.Release|Any CPU.Build.0 = Release|Any CPU
		{5CFDA11E-FEA5-4A91-8721-B1D700AAA1DD}.Debug|Any CPU.ActiveCfg = Debug|Any CPU
		{5CFDA11E-FEA5-4A91-8721-B1D700AAA1DD}.Debug|Any CPU.Build.0 = Debug|Any CPU
		{5CFDA11E-FEA5-4A91-8721-B1D700AAA1DD}.Release|Any CPU.ActiveCfg = Release|Any CPU
		{5CFDA11E-FEA5-4A91-8721-B1D700AAA1DD}.Release|Any CPU.Build.0 = Release|Any CPU
		{0294FC5A-52D0-DC3F-9E5D-7CB26FC5DE00}.Debug|Any CPU.ActiveCfg = Debug|Any CPU
		{0294FC5A-52D0-DC3F-9E5D-7CB26FC5DE00}.Debug|Any CPU.Build.0 = Debug|Any CPU
		{0294FC5A-52D0-DC3F-9E5D-7CB26FC5DE00}.Release|Any CPU.ActiveCfg = Release|Any CPU
		{0294FC5A-52D0-DC3F-9E5D-7CB26FC5DE00}.Release|Any CPU.Build.0 = Release|Any CPU
		{A635DBEA-0227-66A2-FB28-888369FC5F4F}.Debug|Any CPU.ActiveCfg = Debug|Any CPU
		{A635DBEA-0227-66A2-FB28-888369FC5F4F}.Debug|Any CPU.Build.0 = Debug|Any CPU
		{A635DBEA-0227-66A2-FB28-888369FC5F4F}.Release|Any CPU.ActiveCfg = Release|Any CPU
		{A635DBEA-0227-66A2-FB28-888369FC5F4F}.Release|Any CPU.Build.0 = Release|Any CPU
	EndGlobalSection
	GlobalSection(SolutionProperties) = preSolution
		HideSolutionNode = FALSE
	EndGlobalSection
	GlobalSection(NestedProjects) = preSolution
		{6FEE9D5F-22E0-4BA8-BFB7-5DF613C6959F} = {69477524-D86A-4158-9E45-366ECD7B194E}
		{60DAC76F-D739-4D27-B42F-2854602DE98B} = {B7795683-66F7-4D8A-BDCA-0E9571BBFE01}
		{B7795683-66F7-4D8A-BDCA-0E9571BBFE01} = {02EA681E-C7D8-13C7-8484-4AC65E1B71E8}
		{DE357143-1E05-4704-9EA9-F41B56B9C184} = {02EA681E-C7D8-13C7-8484-4AC65E1B71E8}
		{218BBA26-6762-4D39-BDF0-FABAC9053B36} = {DE357143-1E05-4704-9EA9-F41B56B9C184}
		{E590AD0B-E443-7EA4-E991-493E35F443FF} = {02EA681E-C7D8-13C7-8484-4AC65E1B71E8}
		{942527C7-96FB-437E-8F5D-BC35D72404F8} = {EC070DC1-2F48-4CA2-AE56-BE54A1F7363E}
		{10F231C0-69DB-4492-BA42-744E710F642B} = {02EA681E-C7D8-13C7-8484-4AC65E1B71E8}
		{CE03C243-2647-1087-5B29-29919DE65642} = {69477524-D86A-4158-9E45-366ECD7B194E}
		{A59F3DFE-24BE-1CF0-B8A9-38EC3A0B64C9} = {B7795683-66F7-4D8A-BDCA-0E9571BBFE01}
		{BF4F7AB5-DF8C-EC99-5152-E0C1AF75185F} = {10F231C0-69DB-4492-BA42-744E710F642B}
		{9A6092DB-1D0B-A7DD-43DF-D5A2BD2102D7} = {B7795683-66F7-4D8A-BDCA-0E9571BBFE01}
		{EC070DC1-2F48-4CA2-AE56-BE54A1F7363E} = {02EA681E-C7D8-13C7-8484-4AC65E1B71E8}
		{0D24EB95-0AE2-D2B8-CD7E-25C8026096F3} = {EC070DC1-2F48-4CA2-AE56-BE54A1F7363E}
		{5B1B886C-CB0C-8483-F0F6-816159BE7EBE} = {10F231C0-69DB-4492-BA42-744E710F642B}
		{66FB7F62-FF60-9793-DD30-07BDB0B2DE8D} = {EC070DC1-2F48-4CA2-AE56-BE54A1F7363E}
		{450943A7-CDC2-C24D-236B-0C3E41FB6628} = {8D8D9F92-9F00-47DB-9FFD-401433D823FB}
		{8D8D9F92-9F00-47DB-9FFD-401433D823FB} = {02EA681E-C7D8-13C7-8484-4AC65E1B71E8}
		{5CFDA11E-FEA5-4A91-8721-B1D700AAA1DD} = {8D8D9F92-9F00-47DB-9FFD-401433D823FB}
		{0294FC5A-52D0-DC3F-9E5D-7CB26FC5DE00} = {EC070DC1-2F48-4CA2-AE56-BE54A1F7363E}
		{A635DBEA-0227-66A2-FB28-888369FC5F4F} = {B7795683-66F7-4D8A-BDCA-0E9571BBFE01}
	EndGlobalSection
	GlobalSection(ExtensibilityGlobals) = postSolution
		SolutionGuid = {83C5FB5B-E7C5-4305-BD45-356FF22256F6}
	EndGlobalSection
EndGlobal
